
Microsoft Visual Studio Solution File, Format Version 12.00
# Visual Studio Version 17
VisualStudioVersion = 17.11.35208.52
MinimumVisualStudioVersion = 10.0.40219.1
Project("{9A19103F-16F7-4668-BE54-9A1E7A4F7556}") = "Forum.Web", "Forum\Forum.Web.csproj", "{1206D229-EB4F-46D8-A3DA-C67675146765}"
EndProject
Project("{9A19103F-16F7-4668-BE54-9A1E7A4F7556}") = "Forum.Api", "Forum.Api\Forum.Api.csproj", "{2A7E6D14-4CDA-48D2-8B11-F33F3C2EA936}"
EndProject
Project("{2150E333-8FDC-42A3-9474-1A3956D46DE8}") = "src", "src", "{463AB530-0CB5-40F1-99D3-F2009183A601}"
EndProject
Project("{2150E333-8FDC-42A3-9474-1A3956D46DE8}") = "Presentation", "Presentation", "{5AE718F0-57E3-4A98-9AD8-D3B1927C19CA}"
EndProject
Project("{2150E333-8FDC-42A3-9474-1A3956D46DE8}") = "Persistence", "Persistence", "{63BA9E2A-A14D-4C96-A626-4D9A97F93330}"
EndProject
Project("{2150E333-8FDC-42A3-9474-1A3956D46DE8}") = "Application", "Application", "{B1675645-E4CC-450C-A980-6626C297416C}"
EndProject
Project("{2150E333-8FDC-42A3-9474-1A3956D46DE8}") = "Domain", "Domain", "{8975DF04-F153-4085-B93B-CDE77CAE6CB2}"
EndProject
Project("{9A19103F-16F7-4668-BE54-9A1E7A4F7556}") = "Forum.Domain", "Forum.Domain\Forum.Domain.csproj", "{5BA50FD7-2590-43C3-8E8A-79F49A05DDB6}"
EndProject
Project("{9A19103F-16F7-4668-BE54-9A1E7A4F7556}") = "Forum.Persistence", "Forum.Persistence\Forum.Persistence.csproj", "{CA0963BF-06A1-4DE8-9992-0BACBE4C2FA3}"
EndProject
Project("{FAE04EC0-301F-11D3-BF4B-00C04F79EFBC}") = "Forum.Application", "Forum.Application\Forum.Application.csproj", "{17C757DB-4C03-4EA2-B391-AD41D567FE39}"
EndProject
Global
	GlobalSection(SolutionConfigurationPlatforms) = preSolution
		Debug|Any CPU = Debug|Any CPU
		Release|Any CPU = Release|Any CPU
	EndGlobalSection
	GlobalSection(ProjectConfigurationPlatforms) = postSolution
		{1206D229-EB4F-46D8-A3DA-C67675146765}.Debug|Any CPU.ActiveCfg = Debug|Any CPU
		{1206D229-EB4F-46D8-A3DA-C67675146765}.Debug|Any CPU.Build.0 = Debug|Any CPU
		{1206D229-EB4F-46D8-A3DA-C67675146765}.Release|Any CPU.ActiveCfg = Release|Any CPU
		{1206D229-EB4F-46D8-A3DA-C67675146765}.Release|Any CPU.Build.0 = Release|Any CPU
		{2A7E6D14-4CDA-48D2-8B11-F33F3C2EA936}.Debug|Any CPU.ActiveCfg = Debug|Any CPU
		{2A7E6D14-4CDA-48D2-8B11-F33F3C2EA936}.Debug|Any CPU.Build.0 = Debug|Any CPU
		{2A7E6D14-4CDA-48D2-8B11-F33F3C2EA936}.Release|Any CPU.ActiveCfg = Release|Any CPU
		{2A7E6D14-4CDA-48D2-8B11-F33F3C2EA936}.Release|Any CPU.Build.0 = Release|Any CPU
		{5BA50FD7-2590-43C3-8E8A-79F49A05DDB6}.Debug|Any CPU.ActiveCfg = Debug|Any CPU
		{5BA50FD7-2590-43C3-8E8A-79F49A05DDB6}.Debug|Any CPU.Build.0 = Debug|Any CPU
		{5BA50FD7-2590-43C3-8E8A-79F49A05DDB6}.Release|Any CPU.ActiveCfg = Release|Any CPU
		{5BA50FD7-2590-43C3-8E8A-79F49A05DDB6}.Release|Any CPU.Build.0 = Release|Any CPU
		{CA0963BF-06A1-4DE8-9992-0BACBE4C2FA3}.Debug|Any CPU.ActiveCfg = Debug|Any CPU
		{CA0963BF-06A1-4DE8-9992-0BACBE4C2FA3}.Debug|Any CPU.Build.0 = Debug|Any CPU
		{CA0963BF-06A1-4DE8-9992-0BACBE4C2FA3}.Release|Any CPU.ActiveCfg = Release|Any CPU
		{CA0963BF-06A1-4DE8-9992-0BACBE4C2FA3}.Release|Any CPU.Build.0 = Release|Any CPU
		{17C757DB-4C03-4EA2-B391-AD41D567FE39}.Debug|Any CPU.ActiveCfg = Debug|Any CPU
		{17C757DB-4C03-4EA2-B391-AD41D567FE39}.Debug|Any CPU.Build.0 = Debug|Any CPU
		{17C757DB-4C03-4EA2-B391-AD41D567FE39}.Release|Any CPU.ActiveCfg = Release|Any CPU
		{17C757DB-4C03-4EA2-B391-AD41D567FE39}.Release|Any CPU.Build.0 = Release|Any CPU
	EndGlobalSection
	GlobalSection(SolutionProperties) = preSolution
		HideSolutionNode = FALSE
	EndGlobalSection
	GlobalSection(NestedProjects) = preSolution
		{1206D229-EB4F-46D8-A3DA-C67675146765} = {5AE718F0-57E3-4A98-9AD8-D3B1927C19CA}
		{2A7E6D14-4CDA-48D2-8B11-F33F3C2EA936} = {5AE718F0-57E3-4A98-9AD8-D3B1927C19CA}
		{5AE718F0-57E3-4A98-9AD8-D3B1927C19CA} = {463AB530-0CB5-40F1-99D3-F2009183A601}
		{63BA9E2A-A14D-4C96-A626-4D9A97F93330} = {463AB530-0CB5-40F1-99D3-F2009183A601}
		{B1675645-E4CC-450C-A980-6626C297416C} = {463AB530-0CB5-40F1-99D3-F2009183A601}
		{8975DF04-F153-4085-B93B-CDE77CAE6CB2} = {463AB530-0CB5-40F1-99D3-F2009183A601}
		{5BA50FD7-2590-43C3-8E8A-79F49A05DDB6} = {8975DF04-F153-4085-B93B-CDE77CAE6CB2}
		{CA0963BF-06A1-4DE8-9992-0BACBE4C2FA3} = {63BA9E2A-A14D-4C96-A626-4D9A97F93330}
		{17C757DB-4C03-4EA2-B391-AD41D567FE39} = {B1675645-E4CC-450C-A980-6626C297416C}
	EndGlobalSection
	GlobalSection(ExtensibilityGlobals) = postSolution
		SolutionGuid = {5157F40C-5F1E-487D-9FE2-40B80524C4BF}
	EndGlobalSection
EndGlobal
